# This file is automatically @generated by Cargo.
# It is not intended for manual editing.
version = 4

[[package]]
name = "tidyup-cli"
version = "0.1.1"
dependencies = [
 "tidyup-core",
 "tidyup-storage",
 "tidyup-testkit",
]

[[package]]
name = "tidyup-core"
version = "0.1.1"
dependencies = [
 "tidyup-platform",
 "tidyup-testkit",
]

[[package]]
name = "tidyup-platform"
version = "0.1.1"
dependencies = [
 "tidyup-testkit",
]

[[package]]
name = "tidyup-storage"
version = "0.1.1"
dependencies = [
 "tidyup-core",
 "tidyup-testkit",
]

[[package]]
name = "tidyup-testkit"
version = "0.1.1"
